<?xml version="1.0" encoding="utf-8"?>
<Project ToolsVersion="4.0" xmlns="http://schemas.microsoft.com/developer/msbuild/2003">
  <ItemGroup>
    <Filter Include="Source Files">
      <UniqueIdentifier>{4FC737F1-C7A5-4376-A066-2A32D752A2FF}</UniqueIdentifier>
      <Extensions>cpp;c;cc;cxx;c++;cppm;ixx;def;odl;idl;hpj;bat;asm;asmx</Extensions>
    </Filter>
    <Filter Include="Header Files">
      <UniqueIdentifier>{93995380-89BD-4b04-88EB-625FBE52EBFB}</UniqueIdentifier>
      <Extensions>h;hh;hpp;hxx;h++;hm;inl;inc;ipp;xsd</Extensions>
    </Filter>
    <Filter Include="Resource Files">
      <UniqueIdentifier>{67DA6AB6-F800-4c08-8B7A-83BB121AAD01}</UniqueIdentifier>
      <Extensions>rc;ico;cur;bmp;dlg;rc2;rct;bin;rgs;gif;jpg;jpeg;jpe;resx;tiff;tif;png;wav;mfcribbon-ms</Extensions>
    </Filter>
    <Filter Include="files">
      <UniqueIdentifier>{a79cce60-837c-4be5-8ae9-4c057660d48b}</UniqueIdentifier>
    </Filter>
  </ItemGroup>
  <ItemGroup>
    <None Include="packages.config" />
    <None Include="..\..\..\AppData\Local\Temp\Rar$DRa22208.36249\system_00100.mat">
      <Filter>files</Filter>
    </None>
    <None Include="..\..\..\AppData\Local\Temp\Rar$DRa22208.36249\system_00105.mat">
      <Filter>files</Filter>
    </None>
    <None Include="..\..\..\OneDrive\Documents\MATLAB\SubsetPattern\Top_opt_matrices_N16k\system_00110.csv">
      <Filter>files</Filter>
    </None>
    <None Include="..\..\..\Downloads\system_00100.bin">
      <Filter>files</Filter>
    </None>
    <None Include="..\..\..\Downloads\system_00110.bin">
      <Filter>files</Filter>
    </None>
    <None Include="..\..\..\Downloads\system_00105.bin">
      <Filter>files</Filter>
    </None>
  </ItemGroup>
  <ItemGroup>
    <Text Include="..\..\..\AppData\Local\Temp\Rar$DRa22208.36249\system_00110.mat">
      <Filter>files</Filter>
    </Text>
  </ItemGroup>
  <ItemGroup>
    <ClCompile Include="matrix_reader.cpp" />
  </ItemGroup>
  <ItemGroup>
    <ClInclude Include="matrix_reader.hpp">
      <Filter>Header Files</Filter>
    </ClInclude>
  </ItemGroup>
</Project>